
Microsoft Visual Studio Solution File, Format Version 12.00
# Visual Studio Version 16
VisualStudioVersion = 16.0.31105.61
MinimumVisualStudioVersion = 10.0.40219.1
Project("{9A19103F-16F7-4668-BE54-9A1E7A4F7556}") = "Dyno", "Dyno.csproj", "{F7B53D6D-A29F-4B3D-B705-252000507434}"
EndProject
Global
	GlobalSection(SolutionConfigurationPlatforms) = preSolution
		Debug|Any CPU = Debug|Any CPU
		Release|Any CPU = Release|Any CPU
	EndGlobalSection
	GlobalSection(ProjectConfigurationPlatforms) = postSolution
		{F7B53D6D-A29F-4B3D-B705-252000507434}.Debug|Any CPU.ActiveCfg = Debug|Any CPU
		{F7B53D6D-A29F-4B3D-B705-252000507434}.Debug|Any CPU.Build.0 = Debug|Any CPU
		{F7B53D6D-A29F-4B3D-B705-252000507434}.Release|Any CPU.ActiveCfg = Release|Any CPU
		{F7B53D6D-A29F-4B3D-B705-252000507434}.Release|Any CPU.Build.0 = Release|Any CPU
	EndGlobalSection
	GlobalSection(SolutionProperties) = preSolution
		HideSolutionNode = FALSE
	EndGlobalSection
	GlobalSection(ExtensibilityGlobals) = postSolution
		SolutionGuid = {C9B5E9AF-3439-4B6B-97E5-341FC1ACB7C2}
	EndGlobalSection
EndGlobal
